// !$*UTF8*$!
{
	archiveVersion = 1;
	classes = {
	};
	objectVersion = 56;
	objects = {

/* Begin PBXBuildFile section */
		DEE05DCF298279260039E769 /* AppDelegate.swift in Sources */ = {isa = PBXBuildFile; fileRef = DEE05DCE298279260039E769 /* AppDelegate.swift */; };
		DEE05DD1298279260039E769 /* SceneDelegate.swift in Sources */ = {isa = PBXBuildFile; fileRef = DEE05DD0298279260039E769 /* SceneDelegate.swift */; };
		DEE05DD6298279260039E769 /* Main.storyboard in Resources */ = {isa = PBXBuildFile; fileRef = DEE05DD4298279260039E769 /* Main.storyboard */; };
		DEE05DD8298279270039E769 /* Assets.xcassets in Resources */ = {isa = PBXBuildFile; fileRef = DEE05DD7298279270039E769 /* Assets.xcassets */; };
		DEE05DDB298279270039E769 /* LaunchScreen.storyboard in Resources */ = {isa = PBXBuildFile; fileRef = DEE05DD9298279270039E769 /* LaunchScreen.storyboard */; };
		DEE05DE42982793C0039E769 /* RxCocoa in Frameworks */ = {isa = PBXBuildFile; productRef = DEE05DE32982793C0039E769 /* RxCocoa */; };
		DEE05DE62982793C0039E769 /* RxRelay in Frameworks */ = {isa = PBXBuildFile; productRef = DEE05DE52982793C0039E769 /* RxRelay */; };
		DEE05DE82982793C0039E769 /* RxSwift in Frameworks */ = {isa = PBXBuildFile; productRef = DEE05DE72982793C0039E769 /* RxSwift */; };
		DEE05DEB29827D710039E769 /* Event.swift in Sources */ = {isa = PBXBuildFile; fileRef = DEE05DEA29827D710039E769 /* Event.swift */; };
		DEE05DEF29827DD60039E769 /* ActivityController.swift in Sources */ = {isa = PBXBuildFile; fileRef = DEE05DEE29827DD60039E769 /* ActivityController.swift */; };
		DEE05DF229827E090039E769 /* Kingfisher in Frameworks */ = {isa = PBXBuildFile; productRef = DEE05DF129827E090039E769 /* Kingfisher */; };
/* End PBXBuildFile section */

/* Begin PBXFileReference section */
		DEE05DCB298279260039E769 /* GitFeed.app */ = {isa = PBXFileReference; explicitFileType = wrapper.application; includeInIndex = 0; path = GitFeed.app; sourceTree = BUILT_PRODUCTS_DIR; };
		DEE05DCE298279260039E769 /* AppDelegate.swift */ = {isa = PBXFileReference; lastKnownFileType = sourcecode.swift; path = AppDelegate.swift; sourceTree = "<group>"; };
		DEE05DD0298279260039E769 /* SceneDelegate.swift */ = {isa = PBXFileReference; lastKnownFileType = sourcecode.swift; path = SceneDelegate.swift; sourceTree = "<group>"; };
		DEE05DD5298279260039E769 /* Base */ = {isa = PBXFileReference; lastKnownFileType = file.storyboard; name = Base; path = Base.lproj/Main.storyboard; sourceTree = "<group>"; };
		DEE05DD7298279270039E769 /* Assets.xcassets */ = {isa = PBXFileReference; lastKnownFileType = folder.assetcatalog; path = Assets.xcassets; sourceTree = "<group>"; };
		DEE05DDA298279270039E769 /* Base */ = {isa = PBXFileReference; lastKnownFileType = file.storyboard; name = Base; path = Base.lproj/LaunchScreen.storyboard; sourceTree = "<group>"; };
		DEE05DDC298279270039E769 /* Info.plist */ = {isa = PBXFileReference; lastKnownFileType = text.plist.xml; path = Info.plist; sourceTree = "<group>"; };
		DEE05DEA29827D710039E769 /* Event.swift */ = {isa = PBXFileReference; lastKnownFileType = sourcecode.swift; path = Event.swift; sourceTree = "<group>"; };
		DEE05DEE29827DD60039E769 /* ActivityController.swift */ = {isa = PBXFileReference; lastKnownFileType = sourcecode.swift; path = ActivityController.swift; sourceTree = "<group>"; };
/* End PBXFileReference section */

/* Begin PBXFrameworksBuildPhase section */
		DEE05DC8298279260039E769 /* Frameworks */ = {
			isa = PBXFrameworksBuildPhase;
			buildActionMask = 2147483647;
			files = (
				DEE05DF229827E090039E769 /* Kingfisher in Frameworks */,
				DEE05DE82982793C0039E769 /* RxSwift in Frameworks */,
				DEE05DE62982793C0039E769 /* RxRelay in Frameworks */,
				DEE05DE42982793C0039E769 /* RxCocoa in Frameworks */,
			);
			runOnlyForDeploymentPostprocessing = 0;
		};
/* End PBXFrameworksBuildPhase section */

/* Begin PBXGroup section */
		DEE05DC2298279260039E769 = {
			isa = PBXGroup;
			children = (
				DEE05DCD298279260039E769 /* GitFeed */,
				DEE05DCC298279260039E769 /* Products */,
			);
			sourceTree = "<group>";
		};
		DEE05DCC298279260039E769 /* Products */ = {
			isa = PBXGroup;
			children = (
				DEE05DCB298279260039E769 /* GitFeed.app */,
			);
			name = Products;
			sourceTree = "<group>";
		};
		DEE05DCD298279260039E769 /* GitFeed */ = {
			isa = PBXGroup;
			children = (
				DEE05DF329827E7E0039E769 /* Resources */,
				DEE05DED29827DC20039E769 /* Views */,
				DEE05DEC29827DBD0039E769 /* Controllers */,
				DEE05DE929827D630039E769 /* Models */,
				DEE05DDC298279270039E769 /* Info.plist */,
			);
			path = GitFeed;
			sourceTree = "<group>";
		};
		DEE05DE929827D630039E769 /* Models */ = {
			isa = PBXGroup;
			children = (
				DEE05DEA29827D710039E769 /* Event.swift */,
			);
			path = Models;
			sourceTree = "<group>";
		};
		DEE05DEC29827DBD0039E769 /* Controllers */ = {
			isa = PBXGroup;
			children = (
				DEE05DEE29827DD60039E769 /* ActivityController.swift */,
			);
			path = Controllers;
			sourceTree = "<group>";
		};
		DEE05DED29827DC20039E769 /* Views */ = {
			isa = PBXGroup;
			children = (
				DEE05DD4298279260039E769 /* Main.storyboard */,
				DEE05DD9298279270039E769 /* LaunchScreen.storyboard */,
			);
			path = Views;
			sourceTree = "<group>";
		};
		DEE05DF329827E7E0039E769 /* Resources */ = {
			isa = PBXGroup;
			children = (
				DEE05DCE298279260039E769 /* AppDelegate.swift */,
				DEE05DD0298279260039E769 /* SceneDelegate.swift */,
				DEE05DD7298279270039E769 /* Assets.xcassets */,
			);
			path = Resources;
			sourceTree = "<group>";
		};
/* End PBXGroup section */

/* Begin PBXNativeTarget section */
		DEE05DCA298279260039E769 /* GitFeed */ = {
			isa = PBXNativeTarget;
			buildConfigurationList = DEE05DDF298279270039E769 /* Build configuration list for PBXNativeTarget "GitFeed" */;
			buildPhases = (
				DEE05DC7298279260039E769 /* Sources */,
				DEE05DC8298279260039E769 /* Frameworks */,
				DEE05DC9298279260039E769 /* Resources */,
			);
			buildRules = (
			);
			dependencies = (
			);
			name = GitFeed;
			packageProductDependencies = (
				DEE05DE32982793C0039E769 /* RxCocoa */,
				DEE05DE52982793C0039E769 /* RxRelay */,
				DEE05DE72982793C0039E769 /* RxSwift */,
				DEE05DF129827E090039E769 /* Kingfisher */,
			);
			productName = GitFeed;
			productReference = DEE05DCB298279260039E769 /* GitFeed.app */;
			productType = "com.apple.product-type.application";
		};
/* End PBXNativeTarget section */

/* Begin PBXProject section */
		DEE05DC3298279260039E769 /* Project object */ = {
			isa = PBXProject;
			attributes = {
				BuildIndependentTargetsInParallel = 1;
				LastSwiftUpdateCheck = 1420;
				LastUpgradeCheck = 1420;
				TargetAttributes = {
					DEE05DCA298279260039E769 = {
						CreatedOnToolsVersion = 14.2;
					};
				};
			};
			buildConfigurationList = DEE05DC6298279260039E769 /* Build configuration list for PBXProject "GitFeed" */;
			compatibilityVersion = "Xcode 14.0";
			developmentRegion = en;
			hasScannedForEncodings = 0;
			knownRegions = (
				en,
				Base,
			);
			mainGroup = DEE05DC2298279260039E769;
			packageReferences = (
				DEE05DE22982793C0039E769 /* XCRemoteSwiftPackageReference "RxSwift" */,
				DEE05DF029827E090039E769 /* XCRemoteSwiftPackageReference "Kingfisher" */,
			);
			productRefGroup = DEE05DCC298279260039E769 /* Products */;
			projectDirPath = "";
			projectRoot = "";
			targets = (
				DEE05DCA298279260039E769 /* GitFeed */,
			);
		};
/* End PBXProject section */

/* Begin PBXResourcesBuildPhase section */
		DEE05DC9298279260039E769 /* Resources */ = {
			isa = PBXResourcesBuildPhase;
			buildActionMask = 2147483647;
			files = (
				DEE05DDB298279270039E769 /* LaunchScreen.storyboard in Resources */,
				DEE05DD8298279270039E769 /* Assets.xcassets in Resources */,
				DEE05DD6298279260039E769 /* Main.storyboard in Resources */,
			);
			runOnlyForDeploymentPostprocessing = 0;
		};
/* End PBXResourcesBuildPhase section */

/* Begin PBXSourcesBuildPhase section */
		DEE05DC7298279260039E769 /* Sources */ = {
			isa = PBXSourcesBuildPhase;
			buildActionMask = 2147483647;
			files = (
				DEE05DEF29827DD60039E769 /* ActivityController.swift in Sources */,
				DEE05DEB29827D710039E769 /* Event.swift in Sources */,
				DEE05DCF298279260039E769 /* AppDelegate.swift in Sources */,
				DEE05DD1298279260039E769 /* SceneDelegate.swift in Sources */,
			);
			runOnlyForDeploymentPostprocessing = 0;
		};
/* End PBXSourcesBuildPhase section */

/* Begin PBXVariantGroup section */
		DEE05DD4298279260039E769 /* Main.storyboard */ = {
			isa = PBXVariantGroup;
			children = (
				DEE05DD5298279260039E769 /* Base */,
			);
			name = Main.storyboard;
			sourceTree = "<group>";
		};
		DEE05DD9298279270039E769 /* LaunchScreen.storyboard */ = {
			isa = PBXVariantGroup;
			children = (
				DEE05DDA298279270039E769 /* Base */,
			);
			name = LaunchScreen.storyboard;
			sourceTree = "<group>";
		};
/* End PBXVariantGroup section */

/* Begin XCBuildConfiguration section */
		DEE05DDD298279270039E769 /* Debug */ = {
			isa = XCBuildConfiguration;
			buildSettings = {
				ALWAYS_SEARCH_USER_PATHS = NO;
				CLANG_ANALYZER_NONNULL = YES;
				CLANG_ANALYZER_NUMBER_OBJECT_CONVERSION = YES_AGGRESSIVE;
				CLANG_CXX_LANGUAGE_STANDARD = "gnu++20";
				CLANG_ENABLE_MODULES = YES;
				CLANG_ENABLE_OBJC_ARC = YES;
				CLANG_ENABLE_OBJC_WEAK = YES;
				CLANG_WARN_BLOCK_CAPTURE_AUTORELEASING = YES;
				CLANG_WARN_BOOL_CONVERSION = YES;
				CLANG_WARN_COMMA = YES;
				CLANG_WARN_CONSTANT_CONVERSION = YES;
				CLANG_WARN_DEPRECATED_OBJC_IMPLEMENTATIONS = YES;
				CLANG_WARN_DIRECT_OBJC_ISA_USAGE = YES_ERROR;
				CLANG_WARN_DOCUMENTATION_COMMENTS = YES;
				CLANG_WARN_EMPTY_BODY = YES;
				CLANG_WARN_ENUM_CONVERSION = YES;
				CLANG_WARN_INFINITE_RECURSION = YES;
				CLANG_WARN_INT_CONVERSION = YES;
				CLANG_WARN_NON_LITERAL_NULL_CONVERSION = YES;
				CLANG_WARN_OBJC_IMPLICIT_RETAIN_SELF = YES;
				CLANG_WARN_OBJC_LITERAL_CONVERSION = YES;
				CLANG_WARN_OBJC_ROOT_CLASS = YES_ERROR;
				CLANG_WARN_QUOTED_INCLUDE_IN_FRAMEWORK_HEADER = YES;
				CLANG_WARN_RANGE_LOOP_ANALYSIS = YES;
				CLANG_WARN_STRICT_PROTOTYPES = YES;
				CLANG_WARN_SUSPICIOUS_MOVE = YES;
				CLANG_WARN_UNGUARDED_AVAILABILITY = YES_AGGRESSIVE;
				CLANG_WARN_UNREACHABLE_CODE = YES;
				CLANG_WARN__DUPLICATE_METHOD_MATCH = YES;
				COPY_PHASE_STRIP = NO;
				DEBUG_INFORMATION_FORMAT = dwarf;
				ENABLE_STRICT_OBJC_MSGSEND = YES;
				ENABLE_TESTABILITY = YES;
				GCC_C_LANGUAGE_STANDARD = gnu11;
				GCC_DYNAMIC_NO_PIC = NO;
				GCC_NO_COMMON_BLOCKS = YES;
				GCC_OPTIMIZATION_LEVEL = 0;
				GCC_PREPROCESSOR_DEFINITIONS = (
					"DEBUG=1",
					"$(inherited)",
				);
				GCC_WARN_64_TO_32_BIT_CONVERSION = YES;
				GCC_WARN_ABOUT_RETURN_TYPE = YES_ERROR;
				GCC_WARN_UNDECLARED_SELECTOR = YES;
				GCC_WARN_UNINITIALIZED_AUTOS = YES_AGGRESSIVE;
				GCC_WARN_UNUSED_FUNCTION = YES;
				GCC_WARN_UNUSED_VARIABLE = YES;
				IPHONEOS_DEPLOYMENT_TARGET = 16.2;
				MTL_ENABLE_DEBUG_INFO = INCLUDE_SOURCE;
				MTL_FAST_MATH = YES;
				ONLY_ACTIVE_ARCH = YES;
				SDKROOT = iphoneos;
				SWIFT_ACTIVE_COMPILATION_CONDITIONS = DEBUG;
				SWIFT_OPTIMIZATION_LEVEL = "-Onone";
			};
			name = Debug;
		};
		DEE05DDE298279270039E769 /* Release */ = {
			isa = XCBuildConfiguration;
			buildSettings = {
				ALWAYS_SEARCH_USER_PATHS = NO;
				CLANG_ANALYZER_NONNULL = YES;
				CLANG_ANALYZER_NUMBER_OBJECT_CONVERSION = YES_AGGRESSIVE;
				CLANG_CXX_LANGUAGE_STANDARD = "gnu++20";
				CLANG_ENABLE_MODULES = YES;
				CLANG_ENABLE_OBJC_ARC = YES;
				CLANG_ENABLE_OBJC_WEAK = YES;
				CLANG_WARN_BLOCK_CAPTURE_AUTORELEASING = YES;
				CLANG_WARN_BOOL_CONVERSION = YES;
				CLANG_WARN_COMMA = YES;
				CLANG_WARN_CONSTANT_CONVERSION = YES;
				CLANG_WARN_DEPRECATED_OBJC_IMPLEMENTATIONS = YES;
				CLANG_WARN_DIRECT_OBJC_ISA_USAGE = YES_ERROR;
				CLANG_WARN_DOCUMENTATION_COMMENTS = YES;
				CLANG_WARN_EMPTY_BODY = YES;
				CLANG_WARN_ENUM_CONVERSION = YES;
				CLANG_WARN_INFINITE_RECURSION = YES;
				CLANG_WARN_INT_CONVERSION = YES;
				CLANG_WARN_NON_LITERAL_NULL_CONVERSION = YES;
				CLANG_WARN_OBJC_IMPLICIT_RETAIN_SELF = YES;
				CLANG_WARN_OBJC_LITERAL_CONVERSION = YES;
				CLANG_WARN_OBJC_ROOT_CLASS = YES_ERROR;
				CLANG_WARN_QUOTED_INCLUDE_IN_FRAMEWORK_HEADER = YES;
				CLANG_WARN_RANGE_LOOP_ANALYSIS = YES;
				CLANG_WARN_STRICT_PROTOTYPES = YES;
				CLANG_WARN_SUSPICIOUS_MOVE = YES;
				CLANG_WARN_UNGUARDED_AVAILABILITY = YES_AGGRESSIVE;
				CLANG_WARN_UNREACHABLE_CODE = YES;
				CLANG_WARN__DUPLICATE_METHOD_MATCH = YES;
				COPY_PHASE_STRIP = NO;
				DEBUG_INFORMATION_FORMAT = "dwarf-with-dsym";
				ENABLE_NS_ASSERTIONS = NO;
				ENABLE_STRICT_OBJC_MSGSEND = YES;
				GCC_C_LANGUAGE_STANDARD = gnu11;
				GCC_NO_COMMON_BLOCKS = YES;
				GCC_WARN_64_TO_32_BIT_CONVERSION = YES;
				GCC_WARN_ABOUT_RETURN_TYPE = YES_ERROR;
				GCC_WARN_UNDECLARED_SELECTOR = YES;
				GCC_WARN_UNINITIALIZED_AUTOS = YES_AGGRESSIVE;
				GCC_WARN_UNUSED_FUNCTION = YES;
				GCC_WARN_UNUSED_VARIABLE = YES;
				IPHONEOS_DEPLOYMENT_TARGET = 16.2;
				MTL_ENABLE_DEBUG_INFO = NO;
				MTL_FAST_MATH = YES;
				SDKROOT = iphoneos;
				SWIFT_COMPILATION_MODE = wholemodule;
				SWIFT_OPTIMIZATION_LEVEL = "-O";
				VALIDATE_PRODUCT = YES;
			};
			name = Release;
		};
		DEE05DE0298279270039E769 /* Debug */ = {
			isa = XCBuildConfiguration;
			buildSettings = {
				ASSETCATALOG_COMPILER_APPICON_NAME = AppIcon;
				ASSETCATALOG_COMPILER_GLOBAL_ACCENT_COLOR_NAME = AccentColor;
				CODE_SIGN_STYLE = Automatic;
				CURRENT_PROJECT_VERSION = 1;
				DEVELOPMENT_TEAM = Q9H695GPDY;
				GENERATE_INFOPLIST_FILE = YES;
				INFOPLIST_FILE = GitFeed/Info.plist;
				INFOPLIST_KEY_UIApplicationSupportsIndirectInputEvents = YES;
				INFOPLIST_KEY_UILaunchStoryboardName = LaunchScreen;
				INFOPLIST_KEY_UIMainStoryboardFile = Main;
				INFOPLIST_KEY_UISupportedInterfaceOrientations_iPad = "UIInterfaceOrientationPortrait UIInterfaceOrientationPortraitUpsideDown UIInterfaceOrientationLandscapeLeft UIInterfaceOrientationLandscapeRight";
				INFOPLIST_KEY_UISupportedInterfaceOrientations_iPhone = "UIInterfaceOrientationPortrait UIInterfaceOrientationLandscapeLeft UIInterfaceOrientationLandscapeRight";
				LD_RUNPATH_SEARCH_PATHS = (
					"$(inherited)",
					"@executable_path/Frameworks",
				);
				MARKETING_VERSION = 1.0;
				PRODUCT_BUNDLE_IDENTIFIER = com.cybershen.GitFeed;
				PRODUCT_NAME = "$(TARGET_NAME)";
				SWIFT_EMIT_LOC_STRINGS = YES;
				SWIFT_VERSION = 5.0;
				TARGETED_DEVICE_FAMILY = "1,2";
			};
			name = Debug;
		};
		DEE05DE1298279270039E769 /* Release */ = {
			isa = XCBuildConfiguration;
			buildSettings = {
				ASSETCATALOG_COMPILER_APPICON_NAME = AppIcon;
				ASSETCATALOG_COMPILER_GLOBAL_ACCENT_COLOR_NAME = AccentColor;
				CODE_SIGN_STYLE = Automatic;
				CURRENT_PROJECT_VERSION = 1;
				DEVELOPMENT_TEAM = Q9H695GPDY;
				GENERATE_INFOPLIST_FILE = YES;
				INFOPLIST_FILE = GitFeed/Info.plist;
				INFOPLIST_KEY_UIApplicationSupportsIndirectInputEvents = YES;
				INFOPLIST_KEY_UILaunchStoryboardName = LaunchScreen;
				INFOPLIST_KEY_UIMainStoryboardFile = Main;
				INFOPLIST_KEY_UISupportedInterfaceOrientations_iPad = "UIInterfaceOrientationPortrait UIInterfaceOrientationPortraitUpsideDown UIInterfaceOrientationLandscapeLeft UIInterfaceOrientationLandscapeRight";
				INFOPLIST_KEY_UISupportedInterfaceOrientations_iPhone = "UIInterfaceOrientationPortrait UIInterfaceOrientationLandscapeLeft UIInterfaceOrientationLandscapeRight";
				LD_RUNPATH_SEARCH_PATHS = (
					"$(inherited)",
					"@executable_path/Frameworks",
				);
				MARKETING_VERSION = 1.0;
				PRODUCT_BUNDLE_IDENTIFIER = com.cybershen.GitFeed;
				PRODUCT_NAME = "$(TARGET_NAME)";
				SWIFT_EMIT_LOC_STRINGS = YES;
				SWIFT_VERSION = 5.0;
				TARGETED_DEVICE_FAMILY = "1,2";
			};
			name = Release;
		};
/* End XCBuildConfiguration section */

/* Begin XCConfigurationList section */
		DEE05DC6298279260039E769 /* Build configuration list for PBXProject "GitFeed" */ = {
			isa = XCConfigurationList;
			buildConfigurations = (
				DEE05DDD298279270039E769 /* Debug */,
				DEE05DDE298279270039E769 /* Release */,
			);
			defaultConfigurationIsVisible = 0;
			defaultConfigurationName = Release;
		};
		DEE05DDF298279270039E769 /* Build configuration list for PBXNativeTarget "GitFeed" */ = {
			isa = XCConfigurationList;
			buildConfigurations = (
				DEE05DE0298279270039E769 /* Debug */,
				DEE05DE1298279270039E769 /* Release */,
			);
			defaultConfigurationIsVisible = 0;
			defaultConfigurationName = Release;
		};
/* End XCConfigurationList section */

/* Begin XCRemoteSwiftPackageReference section */
		DEE05DE22982793C0039E769 /* XCRemoteSwiftPackageReference "RxSwift" */ = {
			isa = XCRemoteSwiftPackageReference;
			repositoryURL = "https://github.com/ReactiveX/RxSwift";
			requirement = {
				branch = main;
				kind = branch;
			};
		};
		DEE05DF029827E090039E769 /* XCRemoteSwiftPackageReference "Kingfisher" */ = {
			isa = XCRemoteSwiftPackageReference;
			repositoryURL = "https://github.com/onevcat/Kingfisher";
			requirement = {
				kind = upToNextMajorVersion;
				minimumVersion = 7.0.0;
			};
		};
/* End XCRemoteSwiftPackageReference section */

/* Begin XCSwiftPackageProductDependency section */
		DEE05DE32982793C0039E769 /* RxCocoa */ = {
			isa = XCSwiftPackageProductDependency;
			package = DEE05DE22982793C0039E769 /* XCRemoteSwiftPackageReference "RxSwift" */;
			productName = RxCocoa;
		};
		DEE05DE52982793C0039E769 /* RxRelay */ = {
			isa = XCSwiftPackageProductDependency;
			package = DEE05DE22982793C0039E769 /* XCRemoteSwiftPackageReference "RxSwift" */;
			productName = RxRelay;
		};
		DEE05DE72982793C0039E769 /* RxSwift */ = {
			isa = XCSwiftPackageProductDependency;
			package = DEE05DE22982793C0039E769 /* XCRemoteSwiftPackageReference "RxSwift" */;
			productName = RxSwift;
		};
		DEE05DF129827E090039E769 /* Kingfisher */ = {
			isa = XCSwiftPackageProductDependency;
			package = DEE05DF029827E090039E769 /* XCRemoteSwiftPackageReference "Kingfisher" */;
			productName = Kingfisher;
		};
/* End XCSwiftPackageProductDependency section */
	};
	rootObject = DEE05DC3298279260039E769 /* Project object */;
}
